
Microsoft Visual Studio Solution File, Format Version 12.00
# Visual Studio 15
Project("{FAE04EC0-301F-11D3-BF4B-00C04F79EFBC}") = "UnityEngine.UI", "UnityEngine.UI.csproj", "{827CEA92-7854-7A04-9E30-16D5C66FFC27}"
EndProject
Project("{FAE04EC0-301F-11D3-BF4B-00C04F79EFBC}") = "Unity.RenderPipelines.Core.Runtime", "Unity.RenderPipelines.Core.Runtime.csproj", "{219BAF46-E5D9-AAF5-4BA1-FD8A7D6B89E2}"
EndProject
Project("{FAE04EC0-301F-11D3-BF4B-00C04F79EFBC}") = "UnityEngine.TestRunner", "UnityEngine.TestRunner.csproj", "{B7989285-054D-21F0-2121-223A0FC7549C}"
EndProject
Project("{FAE04EC0-301F-11D3-BF4B-00C04F79EFBC}") = "Unity.VisualScripting.State", "Unity.VisualScripting.State.csproj", "{3F445AA6-341C-21AB-52B6-850DC4B6A00D}"
EndProject
Project("{FAE04EC0-301F-11D3-BF4B-00C04F79EFBC}") = "Unity.VisualScripting.Core", "Unity.VisualScripting.Core.csproj", "{541E90F9-CB74-470E-8DE5-0C5206162089}"
EndProject
Project("{FAE04EC0-301F-11D3-BF4B-00C04F79EFBC}") = "Unity.VisualScripting.Flow", "Unity.VisualScripting.Flow.csproj", "{C844EF47-B0EC-9C68-5164-9895B0E48529}"
EndProject
Project("{FAE04EC0-301F-11D3-BF4B-00C04F79EFBC}") = "Unity.TextMeshPro", "Unity.TextMeshPro.csproj", "{1A989D39-E952-89E7-DE03-E5EA5103FE81}"
EndProject
Project("{FAE04EC0-301F-11D3-BF4B-00C04F79EFBC}") = "Unity.ProBuilder.Poly2Tri", "Unity.ProBuilder.Poly2Tri.csproj", "{3F7F90AB-F3B8-D174-8691-35E2BD09268D}"
EndProject
Project("{FAE04EC0-301F-11D3-BF4B-00C04F79EFBC}") = "Unity.Timeline", "Unity.Timeline.csproj", "{566B2880-A972-9626-5D76-7B1142A1596B}"
EndProject
Project("{FAE04EC0-301F-11D3-BF4B-00C04F79EFBC}") = "Unity.ProBuilder", "Unity.ProBuilder.csproj", "{A258CA38-48FF-B08B-3401-E6616BED02C2}"
EndProject
Project("{FAE04EC0-301F-11D3-BF4B-00C04F79EFBC}") = "Assembly-CSharp", "Assembly-CSharp.csproj", "{9141BCB4-AC82-4B88-9398-66FD8523B98A}"
EndProject
Project("{FAE04EC0-301F-11D3-BF4B-00C04F79EFBC}") = "Unity.ProBuilder.Csg", "Unity.ProBuilder.Csg.csproj", "{CD8C1480-16A1-5F4A-7879-875571F01966}"
EndProject
Project("{FAE04EC0-301F-11D3-BF4B-00C04F79EFBC}") = "Unity.ProBuilder.KdTree", "Unity.ProBuilder.KdTree.csproj", "{DE3893A1-28BE-9E70-F96B-0DDCCDD426F8}"
EndProject
Project("{FAE04EC0-301F-11D3-BF4B-00C04F79EFBC}") = "Unity.RenderPipelines.Core.ShaderLibrary", "Unity.RenderPipelines.Core.ShaderLibrary.csproj", "{D8420B54-A8B0-5C0F-94F6-4D4B4D071510}"
EndProject
Project("{FAE04EC0-301F-11D3-BF4B-00C04F79EFBC}") = "Unity.ProBuilder.Stl", "Unity.ProBuilder.Stl.csproj", "{8302A62C-D4D4-EB18-77E2-D90FF55704AF}"
EndProject
Project("{FAE04EC0-301F-11D3-BF4B-00C04F79EFBC}") = "Unity.RenderPipelines.ShaderGraph.ShaderGraphLibrary", "Unity.RenderPipelines.ShaderGraph.ShaderGraphLibrary.csproj", "{DAED613A-10B1-73B8-A6F8-A95EFF5DC2FB}"
EndProject
Project("{FAE04EC0-301F-11D3-BF4B-00C04F79EFBC}") = "Unity.VisualScripting.Core.Editor", "Unity.VisualScripting.Core.Editor.csproj", "{27AA7B12-1397-39D4-D84E-A2C09D6C43EF}"
EndProject
Project("{FAE04EC0-301F-11D3-BF4B-00C04F79EFBC}") = "Unity.ShaderGraph.Editor", "Unity.ShaderGraph.Editor.csproj", "{537D6E8D-E52A-DDEB-813C-AE8B9E1E7B41}"
EndProject
Project("{FAE04EC0-301F-11D3-BF4B-00C04F79EFBC}") = "Unity.VisualStudio.Editor", "Unity.VisualStudio.Editor.csproj", "{0E8A67E2-9CFB-F09C-CB8B-1C07C10A5575}"
EndProject
Project("{FAE04EC0-301F-11D3-BF4B-00C04F79EFBC}") = "Unity.ProBuilder.Editor", "Unity.ProBuilder.Editor.csproj", "{B395EE72-2A3F-4906-6941-3C8AB330A772}"
EndProject
Project("{FAE04EC0-301F-11D3-BF4B-00C04F79EFBC}") = "Unity.Timeline.Editor", "Unity.Timeline.Editor.csproj", "{7433E570-062E-4F1B-A3B2-022F3545572C}"
EndProject
Project("{FAE04EC0-301F-11D3-BF4B-00C04F79EFBC}") = "Unity.VisualScripting.State.Editor", "Unity.VisualScripting.State.Editor.csproj", "{05F314DC-3528-8929-88B6-A11B26C3F241}"
EndProject
Project("{FAE04EC0-301F-11D3-BF4B-00C04F79EFBC}") = "Unity.TextMeshPro.Editor", "Unity.TextMeshPro.Editor.csproj", "{E56A8F7C-6825-070F-D493-7CA5F71E3EFD}"
EndProject
Project("{FAE04EC0-301F-11D3-BF4B-00C04F79EFBC}") = "VSSettingsProvider", "VSSettingsProvider.csproj", "{11C2BE0C-B657-1084-1B08-CE22A968AE3E}"
EndProject
Project("{FAE04EC0-301F-11D3-BF4B-00C04F79EFBC}") = "Unity.CollabProxy.Editor", "Unity.CollabProxy.Editor.csproj", "{2E0DAE59-E48A-A129-D7B3-26D18145555A}"
EndProject
Project("{FAE04EC0-301F-11D3-BF4B-00C04F79EFBC}") = "UnityEditor.TestRunner", "UnityEditor.TestRunner.csproj", "{7E468B44-FED2-E425-6CC0-2065CC61CF67}"
EndProject
Project("{FAE04EC0-301F-11D3-BF4B-00C04F79EFBC}") = "Unity.VisualScripting.Flow.Editor", "Unity.VisualScripting.Flow.Editor.csproj", "{6D83FA38-EC8B-00B1-2127-438BA40C794D}"
EndProject
Project("{FAE04EC0-301F-11D3-BF4B-00C04F79EFBC}") = "Unity.Rider.Editor", "Unity.Rider.Editor.csproj", "{22D369D8-8512-605E-0B62-AF3E07A46AF6}"
EndProject
Project("{FAE04EC0-301F-11D3-BF4B-00C04F79EFBC}") = "Unity.RenderPipelines.Core.Editor", "Unity.RenderPipelines.Core.Editor.csproj", "{DBFACB66-6A9A-0D97-63FB-94E885997E9C}"
EndProject
Project("{FAE04EC0-301F-11D3-BF4B-00C04F79EFBC}") = "Unity.Searcher.Editor", "Unity.Searcher.Editor.csproj", "{E879F419-576C-4C65-D43E-0D42762F9B11}"
EndProject
Project("{FAE04EC0-301F-11D3-BF4B-00C04F79EFBC}") = "Unity.VSCode.Editor", "Unity.VSCode.Editor.csproj", "{F4AB2B6C-47CF-0FD4-6F6D-8E1128AB3817}"
EndProject
Project("{FAE04EC0-301F-11D3-BF4B-00C04F79EFBC}") = "Unity.ProBuilder.AssetIdRemapUtility", "Unity.ProBuilder.AssetIdRemapUtility.csproj", "{E625812D-A356-F1D0-1AE6-6B658625AAC1}"
EndProject
Project("{FAE04EC0-301F-11D3-BF4B-00C04F79EFBC}") = "UnityEditor.UI", "UnityEditor.UI.csproj", "{1F9A6DF1-D2D2-1882-4164-22457E1B194D}"
EndProject
Project("{FAE04EC0-301F-11D3-BF4B-00C04F79EFBC}") = "Unity.Settings.Editor", "Unity.Settings.Editor.csproj", "{C2901194-2F3F-D73F-B44A-8ABCF00E2BBB}"
EndProject
Project("{FAE04EC0-301F-11D3-BF4B-00C04F79EFBC}") = "Unity.ShaderGraph.Utilities", "Unity.ShaderGraph.Utilities.csproj", "{57CB0017-1CD9-CF5F-5D53-616BDDB1BBA7}"
EndProject
Project("{FAE04EC0-301F-11D3-BF4B-00C04F79EFBC}") = "Unity.ProBuilder.AddOns.Editor", "Unity.ProBuilder.AddOns.Editor.csproj", "{E1EF1266-101A-32DF-35AE-19433B67A283}"
EndProject
Project("{FAE04EC0-301F-11D3-BF4B-00C04F79EFBC}") = "UnityEngine.UI", "UnityEngine.UI.Player.csproj", "{FDD02039-731A-6D27-93CC-DCB609141101}"
EndProject
Project("{FAE04EC0-301F-11D3-BF4B-00C04F79EFBC}") = "Unity.RenderPipelines.Core.Runtime", "Unity.RenderPipelines.Core.Runtime.Player.csproj", "{90A74C96-AD18-EF95-4A27-C39463F438CC}"
EndProject
Project("{FAE04EC0-301F-11D3-BF4B-00C04F79EFBC}") = "UnityEngine.TestRunner", "UnityEngine.TestRunner.Player.csproj", "{ADFDF51F-16BF-22A6-D377-FBA2597A7202}"
EndProject
Project("{FAE04EC0-301F-11D3-BF4B-00C04F79EFBC}") = "Unity.VisualScripting.State", "Unity.VisualScripting.State.Player.csproj", "{DF303C44-16E3-5FA1-7E4F-1169FAB6F89E}"
EndProject
Project("{FAE04EC0-301F-11D3-BF4B-00C04F79EFBC}") = "Unity.VisualScripting.Core", "Unity.VisualScripting.Core.Player.csproj", "{F9D1F98B-6010-D80A-7D9A-0C3CAB9DCD18}"
EndProject
Project("{FAE04EC0-301F-11D3-BF4B-00C04F79EFBC}") = "Unity.VisualScripting.Flow", "Unity.VisualScripting.Flow.Player.csproj", "{015947A2-0609-FF86-826E-A7608310188E}"
EndProject
Project("{FAE04EC0-301F-11D3-BF4B-00C04F79EFBC}") = "Unity.TextMeshPro", "Unity.TextMeshPro.Player.csproj", "{679C84FC-B2CB-8CE7-7D18-91D88D92C9EB}"
EndProject
Project("{FAE04EC0-301F-11D3-BF4B-00C04F79EFBC}") = "Unity.ProBuilder.Poly2Tri", "Unity.ProBuilder.Poly2Tri.Player.csproj", "{CB8BB098-7E75-1EB3-D2AA-8EFDC77435C7}"
EndProject
Project("{FAE04EC0-301F-11D3-BF4B-00C04F79EFBC}") = "Unity.Timeline", "Unity.Timeline.Player.csproj", "{3BE36D49-5B44-CDB5-B563-732990FC0602}"
EndProject
Project("{FAE04EC0-301F-11D3-BF4B-00C04F79EFBC}") = "Unity.ProBuilder", "Unity.ProBuilder.Player.csproj", "{4C2B6F63-E91C-09CC-C3C4-EA2E691F3EA7}"
EndProject
Project("{FAE04EC0-301F-11D3-BF4B-00C04F79EFBC}") = "Assembly-CSharp", "Assembly-CSharp.Player.csproj", "{35A18D9E-C293-CEAF-31F5-1B115F150D7A}"
EndProject
Project("{FAE04EC0-301F-11D3-BF4B-00C04F79EFBC}") = "Unity.ProBuilder.Csg", "Unity.ProBuilder.Csg.Player.csproj", "{AD17FB69-6EB6-2D28-D24B-E6E58C7EC1EC}"
EndProject
Project("{FAE04EC0-301F-11D3-BF4B-00C04F79EFBC}") = "Unity.ProBuilder.KdTree", "Unity.ProBuilder.KdTree.Player.csproj", "{D704ECDD-7E6A-96F3-8F66-747411E540F6}"
EndProject
Project("{FAE04EC0-301F-11D3-BF4B-00C04F79EFBC}") = "Unity.RenderPipelines.Core.ShaderLibrary", "Unity.RenderPipelines.Core.ShaderLibrary.Player.csproj", "{00D36C2B-099B-F164-EDDF-4FD81421AC5C}"
EndProject
Project("{FAE04EC0-301F-11D3-BF4B-00C04F79EFBC}") = "Unity.ProBuilder.Stl", "Unity.ProBuilder.Stl.Player.csproj", "{9DD7D802-2020-2F53-B139-273D894F5050}"
EndProject
Project("{FAE04EC0-301F-11D3-BF4B-00C04F79EFBC}") = "Unity.RenderPipelines.ShaderGraph.ShaderGraphLibrary", "Unity.RenderPipelines.ShaderGraph.ShaderGraphLibrary.Player.csproj", "{E7F9D891-1107-4CE2-E468-DD1F6B5038E0}"
EndProject
Global
	GlobalSection(SolutionConfigurationPlatforms) = preSolution
		Debug|Any CPU = Debug|Any CPU
		Release|Any CPU = Release|Any CPU
	EndGlobalSection
	GlobalSection(ProjectConfigurationPlatforms) = postSolution
		{827CEA92-7854-7A04-9E30-16D5C66FFC27}.Debug|Any CPU.ActiveCfg = Debug|Any CPU
		{827CEA92-7854-7A04-9E30-16D5C66FFC27}.Debug|Any CPU.Build.0 = Debug|Any CPU
		{827CEA92-7854-7A04-9E30-16D5C66FFC27}.Release|Any CPU.ActiveCfg = Release|Any CPU
		{827CEA92-7854-7A04-9E30-16D5C66FFC27}.Release|Any CPU.Build.0 = Release|Any CPU
		{219BAF46-E5D9-AAF5-4BA1-FD8A7D6B89E2}.Debug|Any CPU.ActiveCfg = Debug|Any CPU
		{219BAF46-E5D9-AAF5-4BA1-FD8A7D6B89E2}.Debug|Any CPU.Build.0 = Debug|Any CPU
		{219BAF46-E5D9-AAF5-4BA1-FD8A7D6B89E2}.Release|Any CPU.ActiveCfg = Release|Any CPU
		{219BAF46-E5D9-AAF5-4BA1-FD8A7D6B89E2}.Release|Any CPU.Build.0 = Release|Any CPU
		{B7989285-054D-21F0-2121-223A0FC7549C}.Debug|Any CPU.ActiveCfg = Debug|Any CPU
		{B7989285-054D-21F0-2121-223A0FC7549C}.Debug|Any CPU.Build.0 = Debug|Any CPU
		{B7989285-054D-21F0-2121-223A0FC7549C}.Release|Any CPU.ActiveCfg = Release|Any CPU
		{B7989285-054D-21F0-2121-223A0FC7549C}.Release|Any CPU.Build.0 = Release|Any CPU
		{3F445AA6-341C-21AB-52B6-850DC4B6A00D}.Debug|Any CPU.ActiveCfg = Debug|Any CPU
		{3F445AA6-341C-21AB-52B6-850DC4B6A00D}.Debug|Any CPU.Build.0 = Debug|Any CPU
		{3F445AA6-341C-21AB-52B6-850DC4B6A00D}.Release|Any CPU.ActiveCfg = Release|Any CPU
		{3F445AA6-341C-21AB-52B6-850DC4B6A00D}.Release|Any CPU.Build.0 = Release|Any CPU
		{541E90F9-CB74-470E-8DE5-0C5206162089}.Debug|Any CPU.ActiveCfg = Debug|Any CPU
		{541E90F9-CB74-470E-8DE5-0C5206162089}.Debug|Any CPU.Build.0 = Debug|Any CPU
		{541E90F9-CB74-470E-8DE5-0C5206162089}.Release|Any CPU.ActiveCfg = Release|Any CPU
		{541E90F9-CB74-470E-8DE5-0C5206162089}.Release|Any CPU.Build.0 = Release|Any CPU
		{C844EF47-B0EC-9C68-5164-9895B0E48529}.Debug|Any CPU.ActiveCfg = Debug|Any CPU
		{C844EF47-B0EC-9C68-5164-9895B0E48529}.Debug|Any CPU.Build.0 = Debug|Any CPU
		{C844EF47-B0EC-9C68-5164-9895B0E48529}.Release|Any CPU.ActiveCfg = Release|Any CPU
		{C844EF47-B0EC-9C68-5164-9895B0E48529}.Release|Any CPU.Build.0 = Release|Any CPU
		{1A989D39-E952-89E7-DE03-E5EA5103FE81}.Debug|Any CPU.ActiveCfg = Debug|Any CPU
		{1A989D39-E952-89E7-DE03-E5EA5103FE81}.Debug|Any CPU.Build.0 = Debug|Any CPU
		{1A989D39-E952-89E7-DE03-E5EA5103FE81}.Release|Any CPU.ActiveCfg = Release|Any CPU
		{1A989D39-E952-89E7-DE03-E5EA5103FE81}.Release|Any CPU.Build.0 = Release|Any CPU
		{3F7F90AB-F3B8-D174-8691-35E2BD09268D}.Debug|Any CPU.ActiveCfg = Debug|Any CPU
		{3F7F90AB-F3B8-D174-8691-35E2BD09268D}.Debug|Any CPU.Build.0 = Debug|Any CPU
		{3F7F90AB-F3B8-D174-8691-35E2BD09268D}.Release|Any CPU.ActiveCfg = Release|Any CPU
		{3F7F90AB-F3B8-D174-8691-35E2BD09268D}.Release|Any CPU.Build.0 = Release|Any CPU
		{566B2880-A972-9626-5D76-7B1142A1596B}.Debug|Any CPU.ActiveCfg = Debug|Any CPU
		{566B2880-A972-9626-5D76-7B1142A1596B}.Debug|Any CPU.Build.0 = Debug|Any CPU
		{566B2880-A972-9626-5D76-7B1142A1596B}.Release|Any CPU.ActiveCfg = Release|Any CPU
		{566B2880-A972-9626-5D76-7B1142A1596B}.Release|Any CPU.Build.0 = Release|Any CPU
		{A258CA38-48FF-B08B-3401-E6616BED02C2}.Debug|Any CPU.ActiveCfg = Debug|Any CPU
		{A258CA38-48FF-B08B-3401-E6616BED02C2}.Debug|Any CPU.Build.0 = Debug|Any CPU
		{A258CA38-48FF-B08B-3401-E6616BED02C2}.Release|Any CPU.ActiveCfg = Release|Any CPU
		{A258CA38-48FF-B08B-3401-E6616BED02C2}.Release|Any CPU.Build.0 = Release|Any CPU
		{9141BCB4-AC82-4B88-9398-66FD8523B98A}.Debug|Any CPU.ActiveCfg = Debug|Any CPU
		{9141BCB4-AC82-4B88-9398-66FD8523B98A}.Debug|Any CPU.Build.0 = Debug|Any CPU
		{9141BCB4-AC82-4B88-9398-66FD8523B98A}.Release|Any CPU.ActiveCfg = Release|Any CPU
		{9141BCB4-AC82-4B88-9398-66FD8523B98A}.Release|Any CPU.Build.0 = Release|Any CPU
		{CD8C1480-16A1-5F4A-7879-875571F01966}.Debug|Any CPU.ActiveCfg = Debug|Any CPU
		{CD8C1480-16A1-5F4A-7879-875571F01966}.Debug|Any CPU.Build.0 = Debug|Any CPU
		{CD8C1480-16A1-5F4A-7879-875571F01966}.Release|Any CPU.ActiveCfg = Release|Any CPU
		{CD8C1480-16A1-5F4A-7879-875571F01966}.Release|Any CPU.Build.0 = Release|Any CPU
		{DE3893A1-28BE-9E70-F96B-0DDCCDD426F8}.Debug|Any CPU.ActiveCfg = Debug|Any CPU
		{DE3893A1-28BE-9E70-F96B-0DDCCDD426F8}.Debug|Any CPU.Build.0 = Debug|Any CPU
		{DE3893A1-28BE-9E70-F96B-0DDCCDD426F8}.Release|Any CPU.ActiveCfg = Release|Any CPU
		{DE3893A1-28BE-9E70-F96B-0DDCCDD426F8}.Release|Any CPU.Build.0 = Release|Any CPU
		{D8420B54-A8B0-5C0F-94F6-4D4B4D071510}.Debug|Any CPU.ActiveCfg = Debug|Any CPU
		{D8420B54-A8B0-5C0F-94F6-4D4B4D071510}.Debug|Any CPU.Build.0 = Debug|Any CPU
		{D8420B54-A8B0-5C0F-94F6-4D4B4D071510}.Release|Any CPU.ActiveCfg = Release|Any CPU
		{D8420B54-A8B0-5C0F-94F6-4D4B4D071510}.Release|Any CPU.Build.0 = Release|Any CPU
		{8302A62C-D4D4-EB18-77E2-D90FF55704AF}.Debug|Any CPU.ActiveCfg = Debug|Any CPU
		{8302A62C-D4D4-EB18-77E2-D90FF55704AF}.Debug|Any CPU.Build.0 = Debug|Any CPU
		{8302A62C-D4D4-EB18-77E2-D90FF55704AF}.Release|Any CPU.ActiveCfg = Release|Any CPU
		{8302A62C-D4D4-EB18-77E2-D90FF55704AF}.Release|Any CPU.Build.0 = Release|Any CPU
		{DAED613A-10B1-73B8-A6F8-A95EFF5DC2FB}.Debug|Any CPU.ActiveCfg = Debug|Any CPU
		{DAED613A-10B1-73B8-A6F8-A95EFF5DC2FB}.Debug|Any CPU.Build.0 = Debug|Any CPU
		{DAED613A-10B1-73B8-A6F8-A95EFF5DC2FB}.Release|Any CPU.ActiveCfg = Release|Any CPU
		{DAED613A-10B1-73B8-A6F8-A95EFF5DC2FB}.Release|Any CPU.Build.0 = Release|Any CPU
		{27AA7B12-1397-39D4-D84E-A2C09D6C43EF}.Debug|Any CPU.ActiveCfg = Debug|Any CPU
		{27AA7B12-1397-39D4-D84E-A2C09D6C43EF}.Debug|Any CPU.Build.0 = Debug|Any CPU
		{27AA7B12-1397-39D4-D84E-A2C09D6C43EF}.Release|Any CPU.ActiveCfg = Release|Any CPU
		{27AA7B12-1397-39D4-D84E-A2C09D6C43EF}.Release|Any CPU.Build.0 = Release|Any CPU
		{537D6E8D-E52A-DDEB-813C-AE8B9E1E7B41}.Debug|Any CPU.ActiveCfg = Debug|Any CPU
		{537D6E8D-E52A-DDEB-813C-AE8B9E1E7B41}.Debug|Any CPU.Build.0 = Debug|Any CPU
		{537D6E8D-E52A-DDEB-813C-AE8B9E1E7B41}.Release|Any CPU.ActiveCfg = Release|Any CPU
		{537D6E8D-E52A-DDEB-813C-AE8B9E1E7B41}.Release|Any CPU.Build.0 = Release|Any CPU
		{0E8A67E2-9CFB-F09C-CB8B-1C07C10A5575}.Debug|Any CPU.ActiveCfg = Debug|Any CPU
		{0E8A67E2-9CFB-F09C-CB8B-1C07C10A5575}.Debug|Any CPU.Build.0 = Debug|Any CPU
		{0E8A67E2-9CFB-F09C-CB8B-1C07C10A5575}.Release|Any CPU.ActiveCfg = Release|Any CPU
		{0E8A67E2-9CFB-F09C-CB8B-1C07C10A5575}.Release|Any CPU.Build.0 = Release|Any CPU
		{B395EE72-2A3F-4906-6941-3C8AB330A772}.Debug|Any CPU.ActiveCfg = Debug|Any CPU
		{B395EE72-2A3F-4906-6941-3C8AB330A772}.Debug|Any CPU.Build.0 = Debug|Any CPU
		{B395EE72-2A3F-4906-6941-3C8AB330A772}.Release|Any CPU.ActiveCfg = Release|Any CPU
		{B395EE72-2A3F-4906-6941-3C8AB330A772}.Release|Any CPU.Build.0 = Release|Any CPU
		{7433E570-062E-4F1B-A3B2-022F3545572C}.Debug|Any CPU.ActiveCfg = Debug|Any CPU
		{7433E570-062E-4F1B-A3B2-022F3545572C}.Debug|Any CPU.Build.0 = Debug|Any CPU
		{7433E570-062E-4F1B-A3B2-022F3545572C}.Release|Any CPU.ActiveCfg = Release|Any CPU
		{7433E570-062E-4F1B-A3B2-022F3545572C}.Release|Any CPU.Build.0 = Release|Any CPU
		{05F314DC-3528-8929-88B6-A11B26C3F241}.Debug|Any CPU.ActiveCfg = Debug|Any CPU
		{05F314DC-3528-8929-88B6-A11B26C3F241}.Debug|Any CPU.Build.0 = Debug|Any CPU
		{05F314DC-3528-8929-88B6-A11B26C3F241}.Release|Any CPU.ActiveCfg = Release|Any CPU
		{05F314DC-3528-8929-88B6-A11B26C3F241}.Release|Any CPU.Build.0 = Release|Any CPU
		{E56A8F7C-6825-070F-D493-7CA5F71E3EFD}.Debug|Any CPU.ActiveCfg = Debug|Any CPU
		{E56A8F7C-6825-070F-D493-7CA5F71E3EFD}.Debug|Any CPU.Build.0 = Debug|Any CPU
		{E56A8F7C-6825-070F-D493-7CA5F71E3EFD}.Release|Any CPU.ActiveCfg = Release|Any CPU
		{E56A8F7C-6825-070F-D493-7CA5F71E3EFD}.Release|Any CPU.Build.0 = Release|Any CPU
		{11C2BE0C-B657-1084-1B08-CE22A968AE3E}.Debug|Any CPU.ActiveCfg = Debug|Any CPU
		{11C2BE0C-B657-1084-1B08-CE22A968AE3E}.Debug|Any CPU.Build.0 = Debug|Any CPU
		{11C2BE0C-B657-1084-1B08-CE22A968AE3E}.Release|Any CPU.ActiveCfg = Release|Any CPU
		{11C2BE0C-B657-1084-1B08-CE22A968AE3E}.Release|Any CPU.Build.0 = Release|Any CPU
		{2E0DAE59-E48A-A129-D7B3-26D18145555A}.Debug|Any CPU.ActiveCfg = Debug|Any CPU
		{2E0DAE59-E48A-A129-D7B3-26D18145555A}.Debug|Any CPU.Build.0 = Debug|Any CPU
		{2E0DAE59-E48A-A129-D7B3-26D18145555A}.Release|Any CPU.ActiveCfg = Release|Any CPU
		{2E0DAE59-E48A-A129-D7B3-26D18145555A}.Release|Any CPU.Build.0 = Release|Any CPU
		{7E468B44-FED2-E425-6CC0-2065CC61CF67}.Debug|Any CPU.ActiveCfg = Debug|Any CPU
		{7E468B44-FED2-E425-6CC0-2065CC61CF67}.Debug|Any CPU.Build.0 = Debug|Any CPU
		{7E468B44-FED2-E425-6CC0-2065CC61CF67}.Release|Any CPU.ActiveCfg = Release|Any CPU
		{7E468B44-FED2-E425-6CC0-2065CC61CF67}.Release|Any CPU.Build.0 = Release|Any CPU
		{6D83FA38-EC8B-00B1-2127-438BA40C794D}.Debug|Any CPU.ActiveCfg = Debug|Any CPU
		{6D83FA38-EC8B-00B1-2127-438BA40C794D}.Debug|Any CPU.Build.0 = Debug|Any CPU
		{6D83FA38-EC8B-00B1-2127-438BA40C794D}.Release|Any CPU.ActiveCfg = Release|Any CPU
		{6D83FA38-EC8B-00B1-2127-438BA40C794D}.Release|Any CPU.Build.0 = Release|Any CPU
		{22D369D8-8512-605E-0B62-AF3E07A46AF6}.Debug|Any CPU.ActiveCfg = Debug|Any CPU
		{22D369D8-8512-605E-0B62-AF3E07A46AF6}.Debug|Any CPU.Build.0 = Debug|Any CPU
		{22D369D8-8512-605E-0B62-AF3E07A46AF6}.Release|Any CPU.ActiveCfg = Release|Any CPU
		{22D369D8-8512-605E-0B62-AF3E07A46AF6}.Release|Any CPU.Build.0 = Release|Any CPU
		{DBFACB66-6A9A-0D97-63FB-94E885997E9C}.Debug|Any CPU.ActiveCfg = Debug|Any CPU
		{DBFACB66-6A9A-0D97-63FB-94E885997E9C}.Debug|Any CPU.Build.0 = Debug|Any CPU
		{DBFACB66-6A9A-0D97-63FB-94E885997E9C}.Release|Any CPU.ActiveCfg = Release|Any CPU
		{DBFACB66-6A9A-0D97-63FB-94E885997E9C}.Release|Any CPU.Build.0 = Release|Any CPU
		{E879F419-576C-4C65-D43E-0D42762F9B11}.Debug|Any CPU.ActiveCfg = Debug|Any CPU
		{E879F419-576C-4C65-D43E-0D42762F9B11}.Debug|Any CPU.Build.0 = Debug|Any CPU
		{E879F419-576C-4C65-D43E-0D42762F9B11}.Release|Any CPU.ActiveCfg = Release|Any CPU
		{E879F419-576C-4C65-D43E-0D42762F9B11}.Release|Any CPU.Build.0 = Release|Any CPU
		{F4AB2B6C-47CF-0FD4-6F6D-8E1128AB3817}.Debug|Any CPU.ActiveCfg = Debug|Any CPU
		{F4AB2B6C-47CF-0FD4-6F6D-8E1128AB3817}.Debug|Any CPU.Build.0 = Debug|Any CPU
		{F4AB2B6C-47CF-0FD4-6F6D-8E1128AB3817}.Release|Any CPU.ActiveCfg = Release|Any CPU
		{F4AB2B6C-47CF-0FD4-6F6D-8E1128AB3817}.Release|Any CPU.Build.0 = Release|Any CPU
		{E625812D-A356-F1D0-1AE6-6B658625AAC1}.Debug|Any CPU.ActiveCfg = Debug|Any CPU
		{E625812D-A356-F1D0-1AE6-6B658625AAC1}.Debug|Any CPU.Build.0 = Debug|Any CPU
		{E625812D-A356-F1D0-1AE6-6B658625AAC1}.Release|Any CPU.ActiveCfg = Release|Any CPU
		{E625812D-A356-F1D0-1AE6-6B658625AAC1}.Release|Any CPU.Build.0 = Release|Any CPU
		{1F9A6DF1-D2D2-1882-4164-22457E1B194D}.Debug|Any CPU.ActiveCfg = Debug|Any CPU
		{1F9A6DF1-D2D2-1882-4164-22457E1B194D}.Debug|Any CPU.Build.0 = Debug|Any CPU
		{1F9A6DF1-D2D2-1882-4164-22457E1B194D}.Release|Any CPU.ActiveCfg = Release|Any CPU
		{1F9A6DF1-D2D2-1882-4164-22457E1B194D}.Release|Any CPU.Build.0 = Release|Any CPU
		{C2901194-2F3F-D73F-B44A-8ABCF00E2BBB}.Debug|Any CPU.ActiveCfg = Debug|Any CPU
		{C2901194-2F3F-D73F-B44A-8ABCF00E2BBB}.Debug|Any CPU.Build.0 = Debug|Any CPU
		{C2901194-2F3F-D73F-B44A-8ABCF00E2BBB}.Release|Any CPU.ActiveCfg = Release|Any CPU
		{C2901194-2F3F-D73F-B44A-8ABCF00E2BBB}.Release|Any CPU.Build.0 = Release|Any CPU
		{57CB0017-1CD9-CF5F-5D53-616BDDB1BBA7}.Debug|Any CPU.ActiveCfg = Debug|Any CPU
		{57CB0017-1CD9-CF5F-5D53-616BDDB1BBA7}.Debug|Any CPU.Build.0 = Debug|Any CPU
		{57CB0017-1CD9-CF5F-5D53-616BDDB1BBA7}.Release|Any CPU.ActiveCfg = Release|Any CPU
		{57CB0017-1CD9-CF5F-5D53-616BDDB1BBA7}.Release|Any CPU.Build.0 = Release|Any CPU
		{E1EF1266-101A-32DF-35AE-19433B67A283}.Debug|Any CPU.ActiveCfg = Debug|Any CPU
		{E1EF1266-101A-32DF-35AE-19433B67A283}.Debug|Any CPU.Build.0 = Debug|Any CPU
		{E1EF1266-101A-32DF-35AE-19433B67A283}.Release|Any CPU.ActiveCfg = Release|Any CPU
		{E1EF1266-101A-32DF-35AE-19433B67A283}.Release|Any CPU.Build.0 = Release|Any CPU
		{FDD02039-731A-6D27-93CC-DCB609141101}.Debug|Any CPU.ActiveCfg = Debug|Any CPU
		{FDD02039-731A-6D27-93CC-DCB609141101}.Debug|Any CPU.Build.0 = Debug|Any CPU
		{FDD02039-731A-6D27-93CC-DCB609141101}.Release|Any CPU.ActiveCfg = Release|Any CPU
		{FDD02039-731A-6D27-93CC-DCB609141101}.Release|Any CPU.Build.0 = Release|Any CPU
		{90A74C96-AD18-EF95-4A27-C39463F438CC}.Debug|Any CPU.ActiveCfg = Debug|Any CPU
		{90A74C96-AD18-EF95-4A27-C39463F438CC}.Debug|Any CPU.Build.0 = Debug|Any CPU
		{90A74C96-AD18-EF95-4A27-C39463F438CC}.Release|Any CPU.ActiveCfg = Release|Any CPU
		{90A74C96-AD18-EF95-4A27-C39463F438CC}.Release|Any CPU.Build.0 = Release|Any CPU
		{ADFDF51F-16BF-22A6-D377-FBA2597A7202}.Debug|Any CPU.ActiveCfg = Debug|Any CPU
		{ADFDF51F-16BF-22A6-D377-FBA2597A7202}.Debug|Any CPU.Build.0 = Debug|Any CPU
		{ADFDF51F-16BF-22A6-D377-FBA2597A7202}.Release|Any CPU.ActiveCfg = Release|Any CPU
		{ADFDF51F-16BF-22A6-D377-FBA2597A7202}.Release|Any CPU.Build.0 = Release|Any CPU
		{DF303C44-16E3-5FA1-7E4F-1169FAB6F89E}.Debug|Any CPU.ActiveCfg = Debug|Any CPU
		{DF303C44-16E3-5FA1-7E4F-1169FAB6F89E}.Debug|Any CPU.Build.0 = Debug|Any CPU
		{DF303C44-16E3-5FA1-7E4F-1169FAB6F89E}.Release|Any CPU.ActiveCfg = Release|Any CPU
		{DF303C44-16E3-5FA1-7E4F-1169FAB6F89E}.Release|Any CPU.Build.0 = Release|Any CPU
		{F9D1F98B-6010-D80A-7D9A-0C3CAB9DCD18}.Debug|Any CPU.ActiveCfg = Debug|Any CPU
		{F9D1F98B-6010-D80A-7D9A-0C3CAB9DCD18}.Debug|Any CPU.Build.0 = Debug|Any CPU
		{F9D1F98B-6010-D80A-7D9A-0C3CAB9DCD18}.Release|Any CPU.ActiveCfg = Release|Any CPU
		{F9D1F98B-6010-D80A-7D9A-0C3CAB9DCD18}.Release|Any CPU.Build.0 = Release|Any CPU
		{015947A2-0609-FF86-826E-A7608310188E}.Debug|Any CPU.ActiveCfg = Debug|Any CPU
		{015947A2-0609-FF86-826E-A7608310188E}.Debug|Any CPU.Build.0 = Debug|Any CPU
		{015947A2-0609-FF86-826E-A7608310188E}.Release|Any CPU.ActiveCfg = Release|Any CPU
		{015947A2-0609-FF86-826E-A7608310188E}.Release|Any CPU.Build.0 = Release|Any CPU
		{679C84FC-B2CB-8CE7-7D18-91D88D92C9EB}.Debug|Any CPU.ActiveCfg = Debug|Any CPU
		{679C84FC-B2CB-8CE7-7D18-91D88D92C9EB}.Debug|Any CPU.Build.0 = Debug|Any CPU
		{679C84FC-B2CB-8CE7-7D18-91D88D92C9EB}.Release|Any CPU.ActiveCfg = Release|Any CPU
		{679C84FC-B2CB-8CE7-7D18-91D88D92C9EB}.Release|Any CPU.Build.0 = Release|Any CPU
		{CB8BB098-7E75-1EB3-D2AA-8EFDC77435C7}.Debug|Any CPU.ActiveCfg = Debug|Any CPU
		{CB8BB098-7E75-1EB3-D2AA-8EFDC77435C7}.Debug|Any CPU.Build.0 = Debug|Any CPU
		{CB8BB098-7E75-1EB3-D2AA-8EFDC77435C7}.Release|Any CPU.ActiveCfg = Release|Any CPU
		{CB8BB098-7E75-1EB3-D2AA-8EFDC77435C7}.Release|Any CPU.Build.0 = Release|Any CPU
		{3BE36D49-5B44-CDB5-B563-732990FC0602}.Debug|Any CPU.ActiveCfg = Debug|Any CPU
		{3BE36D49-5B44-CDB5-B563-732990FC0602}.Debug|Any CPU.Build.0 = Debug|Any CPU
		{3BE36D49-5B44-CDB5-B563-732990FC0602}.Release|Any CPU.ActiveCfg = Release|Any CPU
		{3BE36D49-5B44-CDB5-B563-732990FC0602}.Release|Any CPU.Build.0 = Release|Any CPU
		{4C2B6F63-E91C-09CC-C3C4-EA2E691F3EA7}.Debug|Any CPU.ActiveCfg = Debug|Any CPU
		{4C2B6F63-E91C-09CC-C3C4-EA2E691F3EA7}.Debug|Any CPU.Build.0 = Debug|Any CPU
		{4C2B6F63-E91C-09CC-C3C4-EA2E691F3EA7}.Release|Any CPU.ActiveCfg = Release|Any CPU
		{4C2B6F63-E91C-09CC-C3C4-EA2E691F3EA7}.Release|Any CPU.Build.0 = Release|Any CPU
		{35A18D9E-C293-CEAF-31F5-1B115F150D7A}.Debug|Any CPU.ActiveCfg = Debug|Any CPU
		{35A18D9E-C293-CEAF-31F5-1B115F150D7A}.Debug|Any CPU.Build.0 = Debug|Any CPU
		{35A18D9E-C293-CEAF-31F5-1B115F150D7A}.Release|Any CPU.ActiveCfg = Release|Any CPU
		{35A18D9E-C293-CEAF-31F5-1B115F150D7A}.Release|Any CPU.Build.0 = Release|Any CPU
		{AD17FB69-6EB6-2D28-D24B-E6E58C7EC1EC}.Debug|Any CPU.ActiveCfg = Debug|Any CPU
		{AD17FB69-6EB6-2D28-D24B-E6E58C7EC1EC}.Debug|Any CPU.Build.0 = Debug|Any CPU
		{AD17FB69-6EB6-2D28-D24B-E6E58C7EC1EC}.Release|Any CPU.ActiveCfg = Release|Any CPU
		{AD17FB69-6EB6-2D28-D24B-E6E58C7EC1EC}.Release|Any CPU.Build.0 = Release|Any CPU
		{D704ECDD-7E6A-96F3-8F66-747411E540F6}.Debug|Any CPU.ActiveCfg = Debug|Any CPU
		{D704ECDD-7E6A-96F3-8F66-747411E540F6}.Debug|Any CPU.Build.0 = Debug|Any CPU
		{D704ECDD-7E6A-96F3-8F66-747411E540F6}.Release|Any CPU.ActiveCfg = Release|Any CPU
		{D704ECDD-7E6A-96F3-8F66-747411E540F6}.Release|Any CPU.Build.0 = Release|Any CPU
		{00D36C2B-099B-F164-EDDF-4FD81421AC5C}.Debug|Any CPU.ActiveCfg = Debug|Any CPU
		{00D36C2B-099B-F164-EDDF-4FD81421AC5C}.Debug|Any CPU.Build.0 = Debug|Any CPU
		{00D36C2B-099B-F164-EDDF-4FD81421AC5C}.Release|Any CPU.ActiveCfg = Release|Any CPU
		{00D36C2B-099B-F164-EDDF-4FD81421AC5C}.Release|Any CPU.Build.0 = Release|Any CPU
		{9DD7D802-2020-2F53-B139-273D894F5050}.Debug|Any CPU.ActiveCfg = Debug|Any CPU
		{9DD7D802-2020-2F53-B139-273D894F5050}.Debug|Any CPU.Build.0 = Debug|Any CPU
		{9DD7D802-2020-2F53-B139-273D894F5050}.Release|Any CPU.ActiveCfg = Release|Any CPU
		{9DD7D802-2020-2F53-B139-273D894F5050}.Release|Any CPU.Build.0 = Release|Any CPU
		{E7F9D891-1107-4CE2-E468-DD1F6B5038E0}.Debug|Any CPU.ActiveCfg = Debug|Any CPU
		{E7F9D891-1107-4CE2-E468-DD1F6B5038E0}.Debug|Any CPU.Build.0 = Debug|Any CPU
		{E7F9D891-1107-4CE2-E468-DD1F6B5038E0}.Release|Any CPU.ActiveCfg = Release|Any CPU
		{E7F9D891-1107-4CE2-E468-DD1F6B5038E0}.Release|Any CPU.Build.0 = Release|Any CPU
	EndGlobalSection
	GlobalSection(SolutionProperties) = preSolution
		HideSolutionNode = FALSE
	EndGlobalSection
EndGlobal
